
Microsoft Visual Studio Solution File, Format Version 12.00
# Visual Studio 15
VisualStudioVersion = 15.0.28307.489
MinimumVisualStudioVersion = 10.0.40219.1
Project("{9A19103F-16F7-4668-BE54-9A1E7A4F7556}") = "RCN.Solpe.ADintegration.Api", "RCN.Solpe.Api\RCN.Solpe.ADintegration.Api.csproj", "{A69E392F-F735-4B3C-8DF3-C49A82140004}"
EndProject
Project("{9A19103F-16F7-4668-BE54-9A1E7A4F7556}") = "RCN.Solpe.Core", "RCN.Solpe.Core\RCN.Solpe.Core.csproj", "{1C47B319-0619-4DB5-A8CE-C9923D68C52D}"
EndProject
Project("{FAE04EC0-301F-11D3-BF4B-00C04F79EFBC}") = "RCN.Solpe.Task", "RCN.Solpe.Task\RCN.Solpe.Task.csproj", "{DAF7AFA5-0040-46A2-9582-366FBFD6EED5}"
EndProject
Project("{9A19103F-16F7-4668-BE54-9A1E7A4F7556}") = "RCN.Solpe.DataBase.Api", "RCN.Solpe.DataBase.Api\RCN.Solpe.DataBase.Api.csproj", "{827E3E7F-C2CF-464D-BB3B-B279C0BE30A7}"
EndProject
Project("{2150E333-8FDC-42A3-9474-1A3956D46DE8}") = "AdIntegration", "AdIntegration", "{2D72B16E-9165-4B6B-B56D-B5B5286C199F}"
EndProject
Project("{2150E333-8FDC-42A3-9474-1A3956D46DE8}") = "OracleIntegration", "OracleIntegration", "{8921A259-8A13-4E40-97BB-668002E62609}"
EndProject
Project("{2150E333-8FDC-42A3-9474-1A3956D46DE8}") = "SolpeWinServices", "SolpeWinServices", "{8290713B-9BB4-43DB-AC25-5E76AF990728}"
EndProject
Project("{9A19103F-16F7-4668-BE54-9A1E7A4F7556}") = "RCN.Solpe.DataBase.Core", "RCN.Solpe.DataBase.Core\RCN.Solpe.DataBase.Core.csproj", "{FC96C221-03BF-4A14-B76D-282404ED7B00}"
EndProject
Project("{54435603-DBB4-11D2-8724-00A0C9A8B90C}") = "sOLPEiNSTALL", "sOLPEiNSTALL\sOLPEiNSTALL.vdproj", "{625EA85B-5C31-4C29-AB6C-35DFE05E9185}"
EndProject
Global
	GlobalSection(SolutionConfigurationPlatforms) = preSolution
		Debug|Any CPU = Debug|Any CPU
		Release|Any CPU = Release|Any CPU
	EndGlobalSection
	GlobalSection(ProjectConfigurationPlatforms) = postSolution
		{A69E392F-F735-4B3C-8DF3-C49A82140004}.Debug|Any CPU.ActiveCfg = Debug|Any CPU
		{A69E392F-F735-4B3C-8DF3-C49A82140004}.Debug|Any CPU.Build.0 = Debug|Any CPU
		{A69E392F-F735-4B3C-8DF3-C49A82140004}.Release|Any CPU.ActiveCfg = Release|Any CPU
		{A69E392F-F735-4B3C-8DF3-C49A82140004}.Release|Any CPU.Build.0 = Release|Any CPU
		{1C47B319-0619-4DB5-A8CE-C9923D68C52D}.Debug|Any CPU.ActiveCfg = Debug|Any CPU
		{1C47B319-0619-4DB5-A8CE-C9923D68C52D}.Debug|Any CPU.Build.0 = Debug|Any CPU
		{1C47B319-0619-4DB5-A8CE-C9923D68C52D}.Release|Any CPU.ActiveCfg = Release|Any CPU
		{1C47B319-0619-4DB5-A8CE-C9923D68C52D}.Release|Any CPU.Build.0 = Release|Any CPU
		{DAF7AFA5-0040-46A2-9582-366FBFD6EED5}.Debug|Any CPU.ActiveCfg = Debug|Any CPU
		{DAF7AFA5-0040-46A2-9582-366FBFD6EED5}.Debug|Any CPU.Build.0 = Debug|Any CPU
		{DAF7AFA5-0040-46A2-9582-366FBFD6EED5}.Release|Any CPU.ActiveCfg = Release|Any CPU
		{DAF7AFA5-0040-46A2-9582-366FBFD6EED5}.Release|Any CPU.Build.0 = Release|Any CPU
		{827E3E7F-C2CF-464D-BB3B-B279C0BE30A7}.Debug|Any CPU.ActiveCfg = Debug|Any CPU
		{827E3E7F-C2CF-464D-BB3B-B279C0BE30A7}.Debug|Any CPU.Build.0 = Debug|Any CPU
		{827E3E7F-C2CF-464D-BB3B-B279C0BE30A7}.Release|Any CPU.ActiveCfg = Release|Any CPU
		{827E3E7F-C2CF-464D-BB3B-B279C0BE30A7}.Release|Any CPU.Build.0 = Release|Any CPU
		{FC96C221-03BF-4A14-B76D-282404ED7B00}.Debug|Any CPU.ActiveCfg = Debug|Any CPU
		{FC96C221-03BF-4A14-B76D-282404ED7B00}.Debug|Any CPU.Build.0 = Debug|Any CPU
		{FC96C221-03BF-4A14-B76D-282404ED7B00}.Release|Any CPU.ActiveCfg = Release|Any CPU
		{FC96C221-03BF-4A14-B76D-282404ED7B00}.Release|Any CPU.Build.0 = Release|Any CPU
		{625EA85B-5C31-4C29-AB6C-35DFE05E9185}.Debug|Any CPU.ActiveCfg = Debug
		{625EA85B-5C31-4C29-AB6C-35DFE05E9185}.Release|Any CPU.ActiveCfg = Release
	EndGlobalSection
	GlobalSection(SolutionProperties) = preSolution
		HideSolutionNode = FALSE
	EndGlobalSection
	GlobalSection(NestedProjects) = preSolution
		{A69E392F-F735-4B3C-8DF3-C49A82140004} = {2D72B16E-9165-4B6B-B56D-B5B5286C199F}
		{1C47B319-0619-4DB5-A8CE-C9923D68C52D} = {2D72B16E-9165-4B6B-B56D-B5B5286C199F}
		{DAF7AFA5-0040-46A2-9582-366FBFD6EED5} = {8290713B-9BB4-43DB-AC25-5E76AF990728}
		{827E3E7F-C2CF-464D-BB3B-B279C0BE30A7} = {8921A259-8A13-4E40-97BB-668002E62609}
		{FC96C221-03BF-4A14-B76D-282404ED7B00} = {8921A259-8A13-4E40-97BB-668002E62609}
		{625EA85B-5C31-4C29-AB6C-35DFE05E9185} = {8290713B-9BB4-43DB-AC25-5E76AF990728}
	EndGlobalSection
	GlobalSection(ExtensibilityGlobals) = postSolution
		SolutionGuid = {0A2D9919-A85F-4859-84BE-1CC477DA007C}
	EndGlobalSection
EndGlobal
